{
  "name": "bravogram",
  "version": "0.1.1",
  "lockfileVersion": 3,
  "requires": true,
  "packages": {
    "": {
      "name": "bravogram",
      "version": "0.1.1",
      "license": "MIT",
      "bin": {
        "bravo": "bin/bravo.js"
      },
      "engines": {
        "node": ">=24"
      }
    }
  }
}
